// !$*UTF8*$!
{
	archiveVersion = 1;
	classes = {
	};
	objectVersion = 46;
	objects = {

/* Begin PBXBuildFile section */
		2A75ED4F1A67330C0049EC4D /* AppDelegate.swift in Sources */ = {isa = PBXBuildFile; fileRef = 2A75ED4E1A67330C0049EC4D /* AppDelegate.swift */; };
		2A75ED511A67330C0049EC4D /* ViewController.swift in Sources */ = {isa = PBXBuildFile; fileRef = 2A75ED501A67330C0049EC4D /* ViewController.swift */; };
		2A75ED541A67330C0049EC4D /* Main.storyboard in Resources */ = {isa = PBXBuildFile; fileRef = 2A75ED521A67330C0049EC4D /* Main.storyboard */; };
		2A75ED561A67330C0049EC4D /* Images.xcassets in Resources */ = {isa = PBXBuildFile; fileRef = 2A75ED551A67330C0049EC4D /* Images.xcassets */; };
		2A75ED591A67330C0049EC4D /* LaunchScreen.xib in Resources */ = {isa = PBXBuildFile; fileRef = 2A75ED571A67330C0049EC4D /* LaunchScreen.xib */; };
		2A75ED651A67330C0049EC4D /* StopwatchTests.swift in Sources */ = {isa = PBXBuildFile; fileRef = 2A75ED641A67330C0049EC4D /* StopwatchTests.swift */; };
/* End PBXBuildFile section */

/* Begin PBXContainerItemProxy section */
		2A75ED5F1A67330C0049EC4D /* PBXContainerItemProxy */ = {
			isa = PBXContainerItemProxy;
			containerPortal = 2A75ED411A67330C0049EC4D /* Project object */;
			proxyType = 1;
			remoteGlobalIDString = 2A75ED481A67330C0049EC4D;
			remoteInfo = Stopwatch;
		};
/* End PBXContainerItemProxy section */

/* Begin PBXFileReference section */
		2A75ED491A67330C0049EC4D /* Stopwatch.app */ = {isa = PBXFileReference; explicitFileType = wrapper.application; includeInIndex = 0; path = Stopwatch.app; sourceTree = BUILT_PRODUCTS_DIR; };
		2A75ED4D1A67330C0049EC4D /* Info.plist */ = {isa = PBXFileReference; lastKnownFileType = text.plist.xml; path = Info.plist; sourceTree = "<group>"; };
		2A75ED4E1A67330C0049EC4D /* AppDelegate.swift */ = {isa = PBXFileReference; lastKnownFileType = sourcecode.swift; path = AppDelegate.swift; sourceTree = "<group>"; };
		2A75ED501A67330C0049EC4D /* ViewController.swift */ = {isa = PBXFileReference; lastKnownFileType = sourcecode.swift; path = ViewController.swift; sourceTree = "<group>"; };
		2A75ED531A67330C0049EC4D /* Base */ = {isa = PBXFileReference; lastKnownFileType = file.storyboard; name = Base; path = Base.lproj/Main.storyboard; sourceTree = "<group>"; };
		2A75ED551A67330C0049EC4D /* Images.xcassets */ = {isa = PBXFileReference; lastKnownFileType = folder.assetcatalog; path = Images.xcassets; sourceTree = "<group>"; };
		2A75ED581A67330C0049EC4D /* Base */ = {isa = PBXFileReference; lastKnownFileType = file.xib; name = Base; path = Base.lproj/LaunchScreen.xib; sourceTree = "<group>"; };
		2A75ED5E1A67330C0049EC4D /* StopwatchTests.xctest */ = {isa = PBXFileReference; explicitFileType = wrapper.cfbundle; includeInIndex = 0; path = StopwatchTests.xctest; sourceTree = BUILT_PRODUCTS_DIR; };
		2A75ED631A67330C0049EC4D /* Info.plist */ = {isa = PBXFileReference; lastKnownFileType = text.plist.xml; path = Info.plist; sourceTree = "<group>"; };
		2A75ED641A67330C0049EC4D /* StopwatchTests.swift */ = {isa = PBXFileReference; lastKnownFileType = sourcecode.swift; path = StopwatchTests.swift; sourceTree = "<group>"; };
/* End PBXFileReference section */

/* Begin PBXFrameworksBuildPhase section */
		2A75ED461A67330C0049EC4D /* Frameworks */ = {
			isa = PBXFrameworksBuildPhase;
			buildActionMask = 2147483647;
			files = (
			);
			runOnlyForDeploymentPostprocessing = 0;
		};
		2A75ED5B1A67330C0049EC4D /* Frameworks */ = {
			isa = PBXFrameworksBuildPhase;
			buildActionMask = 2147483647;
			files = (
			);
			runOnlyForDeploymentPostprocessing = 0;
		};
/* End PBXFrameworksBuildPhase section */

/* Begin PBXGroup section */
		2A75ED401A67330C0049EC4D = {
			isa = PBXGroup;
			children = (
				2A75ED4B1A67330C0049EC4D /* Stopwatch */,
				2A75ED611A67330C0049EC4D /* StopwatchTests */,
				2A75ED4A1A67330C0049EC4D /* Products */,
			);
			sourceTree = "<group>";
		};
		2A75ED4A1A67330C0049EC4D /* Products */ = {
			isa = PBXGroup;
			children = (
				2A75ED491A67330C0049EC4D /* Stopwatch.app */,
				2A75ED5E1A67330C0049EC4D /* StopwatchTests.xctest */,
			);
			name = Products;
			sourceTree = "<group>";
		};
		2A75ED4B1A67330C0049EC4D /* Stopwatch */ = {
			isa = PBXGroup;
			children = (
				2A75ED4E1A67330C0049EC4D /* AppDelegate.swift */,
				2A75ED501A67330C0049EC4D /* ViewController.swift */,
				2A75ED521A67330C0049EC4D /* Main.storyboard */,
				2A75ED551A67330C0049EC4D /* Images.xcassets */,
				2A75ED571A67330C0049EC4D /* LaunchScreen.xib */,
				2A75ED4C1A67330C0049EC4D /* Supporting Files */,
			);
			path = Stopwatch;
			sourceTree = "<group>";
		};
		2A75ED4C1A67330C0049EC4D /* Supporting Files */ = {
			isa = PBXGroup;
			children = (
				2A75ED4D1A67330C0049EC4D /* Info.plist */,
			);
			name = "Supporting Files";
			sourceTree = "<group>";
		};
		2A75ED611A67330C0049EC4D /* StopwatchTests */ = {
			isa = PBXGroup;
			children = (
				2A75ED641A67330C0049EC4D /* StopwatchTests.swift */,
				2A75ED621A67330C0049EC4D /* Supporting Files */,
			);
			path = StopwatchTests;
			sourceTree = "<group>";
		};
		2A75ED621A67330C0049EC4D /* Supporting Files */ = {
			isa = PBXGroup;
			children = (
				2A75ED631A67330C0049EC4D /* Info.plist */,
			);
			name = "Supporting Files";
			sourceTree = "<group>";
		};
/* End PBXGroup section */

/* Begin PBXNativeTarget section */
		2A75ED481A67330C0049EC4D /* Stopwatch */ = {
			isa = PBXNativeTarget;
			buildConfigurationList = 2A75ED681A67330C0049EC4D /* Build configuration list for PBXNativeTarget "Stopwatch" */;
			buildPhases = (
				2A75ED451A67330C0049EC4D /* Sources */,
				2A75ED461A67330C0049EC4D /* Frameworks */,
				2A75ED471A67330C0049EC4D /* Resources */,
			);
			buildRules = (
			);
			dependencies = (
			);
			name = Stopwatch;
			productName = Stopwatch;
			productReference = 2A75ED491A67330C0049EC4D /* Stopwatch.app */;
			productType = "com.apple.product-type.application";
		};
		2A75ED5D1A67330C0049EC4D /* StopwatchTests */ = {
			isa = PBXNativeTarget;
			buildConfigurationList = 2A75ED6B1A67330C0049EC4D /* Build configuration list for PBXNativeTarget "StopwatchTests" */;
			buildPhases = (
				2A75ED5A1A67330C0049EC4D /* Sources */,
				2A75ED5B1A67330C0049EC4D /* Frameworks */,
				2A75ED5C1A67330C0049EC4D /* Resources */,
			);
			buildRules = (
			);
			dependencies = (
				2A75ED601A67330C0049EC4D /* PBXTargetDependency */,
			);
			name = StopwatchTests;
			productName = StopwatchTests;
			productReference = 2A75ED5E1A67330C0049EC4D /* StopwatchTests.xctest */;
			productType = "com.apple.product-type.bundle.unit-test";
		};
/* End PBXNativeTarget section */

/* Begin PBXProject section */
		2A75ED411A67330C0049EC4D /* Project object */ = {
			isa = PBXProject;
			attributes = {
				LastUpgradeCheck = 0610;
				ORGANIZATIONNAME = Prankster;
				TargetAttributes = {
					2A75ED481A67330C0049EC4D = {
						CreatedOnToolsVersion = 6.1.1;
					};
					2A75ED5D1A67330C0049EC4D = {
						CreatedOnToolsVersion = 6.1.1;
						TestTargetID = 2A75ED481A67330C0049EC4D;
					};
				};
			};
			buildConfigurationList = 2A75ED441A67330C0049EC4D /* Build configuration list for PBXProject "Stopwatch" */;
			compatibilityVersion = "Xcode 3.2";
			developmentRegion = English;
			hasScannedForEncodings = 0;
			knownRegions = (
				en,
				Base,
			);
			mainGroup = 2A75ED401A67330C0049EC4D;
			productRefGroup = 2A75ED4A1A67330C0049EC4D /* Products */;
			projectDirPath = "";
			projectRoot = "";
			targets = (
				2A75ED481A67330C0049EC4D /* Stopwatch */,
				2A75ED5D1A67330C0049EC4D /* StopwatchTests */,
			);
		};
/* End PBXProject section */

/* Begin PBXResourcesBuildPhase section */
		2A75ED471A67330C0049EC4D /* Resources */ = {
			isa = PBXResourcesBuildPhase;
			buildActionMask = 2147483647;
			files = (
				2A75ED541A67330C0049EC4D /* Main.storyboard in Resources */,
				2A75ED591A67330C0049EC4D /* LaunchScreen.xib in Resources */,
				2A75ED561A67330C0049EC4D /* Images.xcassets in Resources */,
			);
			runOnlyForDeploymentPostprocessing = 0;
		};
		2A75ED5C1A67330C0049EC4D /* Resources */ = {
			isa = PBXResourcesBuildPhase;
			buildActionMask = 2147483647;
			files = (
			);
			runOnlyForDeploymentPostprocessing = 0;
		};
/* End PBXResourcesBuildPhase section */

/* Begin PBXSourcesBuildPhase section */
		2A75ED451A67330C0049EC4D /* Sources */ = {
			isa = PBXSourcesBuildPhase;
			buildActionMask = 2147483647;
			files = (
				2A75ED511A67330C0049EC4D /* ViewController.swift in Sources */,
				2A75ED4F1A67330C0049EC4D /* AppDelegate.swift in Sources */,
			);
			runOnlyForDeploymentPostprocessing = 0;
		};
		2A75ED5A1A67330C0049EC4D /* Sources */ = {
			isa = PBXSourcesBuildPhase;
			buildActionMask = 2147483647;
			files = (
				2A75ED651A67330C0049EC4D /* StopwatchTests.swift in Sources */,
			);
			runOnlyForDeploymentPostprocessing = 0;
		};
/* End PBXSourcesBuildPhase section */

/* Begin PBXTargetDependency section */
		2A75ED601A67330C0049EC4D /* PBXTargetDependency */ = {
			isa = PBXTargetDependency;
			target = 2A75ED481A67330C0049EC4D /* Stopwatch */;
			targetProxy = 2A75ED5F1A67330C0049EC4D /* PBXContainerItemProxy */;
		};
/* End PBXTargetDependency section */

/* Begin PBXVariantGroup section */
		2A75ED521A67330C0049EC4D /* Main.storyboard */ = {
			isa = PBXVariantGroup;
			children = (
				2A75ED531A67330C0049EC4D /* Base */,
			);
			name = Main.storyboard;
			sourceTree = "<group>";
		};
		2A75ED571A67330C0049EC4D /* LaunchScreen.xib */ = {
			isa = PBXVariantGroup;
			children = (
				2A75ED581A67330C0049EC4D /* Base */,
			);
			name = LaunchScreen.xib;
			sourceTree = "<group>";
		};
/* End PBXVariantGroup section */

/* Begin XCBuildConfiguration section */
		2A75ED661A67330C0049EC4D /* Debug */ = {
			isa = XCBuildConfiguration;
			buildSettings = {
				ALWAYS_SEARCH_USER_PATHS = NO;
				CLANG_CXX_LANGUAGE_STANDARD = "gnu++0x";
				CLANG_CXX_LIBRARY = "libc++";
				CLANG_ENABLE_MODULES = YES;
				CLANG_ENABLE_OBJC_ARC = YES;
				CLANG_WARN_BOOL_CONVERSION = YES;
				CLANG_WARN_CONSTANT_CONVERSION = YES;
				CLANG_WARN_DIRECT_OBJC_ISA_USAGE = YES_ERROR;
				CLANG_WARN_EMPTY_BODY = YES;
				CLANG_WARN_ENUM_CONVERSION = YES;
				CLANG_WARN_INT_CONVERSION = YES;
				CLANG_WARN_OBJC_ROOT_CLASS = YES_ERROR;
				CLANG_WARN_UNREACHABLE_CODE = YES;
				CLANG_WARN__DUPLICATE_METHOD_MATCH = YES;
				"CODE_SIGN_IDENTITY[sdk=iphoneos*]" = "iPhone Developer";
				COPY_PHASE_STRIP = NO;
				ENABLE_STRICT_OBJC_MSGSEND = YES;
				GCC_C_LANGUAGE_STANDARD = gnu99;
				GCC_DYNAMIC_NO_PIC = NO;
				GCC_OPTIMIZATION_LEVEL = 0;
				GCC_PREPROCESSOR_DEFINITIONS = (
					"DEBUG=1",
					"$(inherited)",
				);
				GCC_SYMBOLS_PRIVATE_EXTERN = NO;
				GCC_WARN_64_TO_32_BIT_CONVERSION = YES;
				GCC_WARN_ABOUT_RETURN_TYPE = YES_ERROR;
				GCC_WARN_UNDECLARED_SELECTOR = YES;
				GCC_WARN_UNINITIALIZED_AUTOS = YES_AGGRESSIVE;
				GCC_WARN_UNUSED_FUNCTION = YES;
				GCC_WARN_UNUSED_VARIABLE = YES;
				IPHONEOS_DEPLOYMENT_TARGET = 8.1;
				MTL_ENABLE_DEBUG_INFO = YES;
				ONLY_ACTIVE_ARCH = YES;
				SDKROOT = iphoneos;
				SWIFT_OPTIMIZATION_LEVEL = "-Onone";
			};
			name = Debug;
		};
		2A75ED671A67330C0049EC4D /* Release */ = {
			isa = XCBuildConfiguration;
			buildSettings = {
				ALWAYS_SEARCH_USER_PATHS = NO;
				CLANG_CXX_LANGUAGE_STANDARD = "gnu++0x";
				CLANG_CXX_LIBRARY = "libc++";
				CLANG_ENABLE_MODULES = YES;
				CLANG_ENABLE_OBJC_ARC = YES;
				CLANG_WARN_BOOL_CONVERSION = YES;
				CLANG_WARN_CONSTANT_CONVERSION = YES;
				CLANG_WARN_DIRECT_OBJC_ISA_USAGE = YES_ERROR;
				CLANG_WARN_EMPTY_BODY = YES;
				CLANG_WARN_ENUM_CONVERSION = YES;
				CLANG_WARN_INT_CONVERSION = YES;
				CLANG_WARN_OBJC_ROOT_CLASS = YES_ERROR;
				CLANG_WARN_UNREACHABLE_CODE = YES;
				CLANG_WARN__DUPLICATE_METHOD_MATCH = YES;
				"CODE_SIGN_IDENTITY[sdk=iphoneos*]" = "iPhone Developer";
				COPY_PHASE_STRIP = YES;
				ENABLE_NS_ASSERTIONS = NO;
				ENABLE_STRICT_OBJC_MSGSEND = YES;
				GCC_C_LANGUAGE_STANDARD = gnu99;
				GCC_WARN_64_TO_32_BIT_CONVERSION = YES;
				GCC_WARN_ABOUT_RETURN_TYPE = YES_ERROR;
				GCC_WARN_UNDECLARED_SELECTOR = YES;
				GCC_WARN_UNINITIALIZED_AUTOS = YES_AGGRESSIVE;
				GCC_WARN_UNUSED_FUNCTION = YES;
				GCC_WARN_UNUSED_VARIABLE = YES;
				IPHONEOS_DEPLOYMENT_TARGET = 8.1;
				MTL_ENABLE_DEBUG_INFO = NO;
				SDKROOT = iphoneos;
				VALIDATE_PRODUCT = YES;
			};
			name = Release;
		};
		2A75ED691A67330C0049EC4D /* Debug */ = {
			isa = XCBuildConfiguration;
			buildSettings = {
				ASSETCATALOG_COMPILER_APPICON_NAME = AppIcon;
				INFOPLIST_FILE = Stopwatch/Info.plist;
				LD_RUNPATH_SEARCH_PATHS = "$(inherited) @executable_path/Frameworks";
				PRODUCT_NAME = "$(TARGET_NAME)";
			};
			name = Debug;
		};
		2A75ED6A1A67330C0049EC4D /* Release */ = {
			isa = XCBuildConfiguration;
			buildSettings = {
				ASSETCATALOG_COMPILER_APPICON_NAME = AppIcon;
				INFOPLIST_FILE = Stopwatch/Info.plist;
				LD_RUNPATH_SEARCH_PATHS = "$(inherited) @executable_path/Frameworks";
				PRODUCT_NAME = "$(TARGET_NAME)";
			};
			name = Release;
		};
		2A75ED6C1A67330C0049EC4D /* Debug */ = {
			isa = XCBuildConfiguration;
			buildSettings = {
				BUNDLE_LOADER = "$(TEST_HOST)";
				FRAMEWORK_SEARCH_PATHS = (
					"$(SDKROOT)/Developer/Library/Frameworks",
					"$(inherited)",
				);
				GCC_PREPROCESSOR_DEFINITIONS = (
					"DEBUG=1",
					"$(inherited)",
				);
				INFOPLIST_FILE = StopwatchTests/Info.plist;
				LD_RUNPATH_SEARCH_PATHS = "$(inherited) @executable_path/Frameworks @loader_path/Frameworks";
				PRODUCT_NAME = "$(TARGET_NAME)";
				TEST_HOST = "$(BUILT_PRODUCTS_DIR)/Stopwatch.app/Stopwatch";
			};
			name = Debug;
		};
		2A75ED6D1A67330C0049EC4D /* Release */ = {
			isa = XCBuildConfiguration;
			buildSettings = {
				BUNDLE_LOADER = "$(TEST_HOST)";
				FRAMEWORK_SEARCH_PATHS = (
					"$(SDKROOT)/Developer/Library/Frameworks",
					"$(inherited)",
				);
				INFOPLIST_FILE = StopwatchTests/Info.plist;
				LD_RUNPATH_SEARCH_PATHS = "$(inherited) @executable_path/Frameworks @loader_path/Frameworks";
				PRODUCT_NAME = "$(TARGET_NAME)";
				TEST_HOST = "$(BUILT_PRODUCTS_DIR)/Stopwatch.app/Stopwatch";
			};
			name = Release;
		};
/* End XCBuildConfiguration section */

/* Begin XCConfigurationList section */
		2A75ED441A67330C0049EC4D /* Build configuration list for PBXProject "Stopwatch" */ = {
			isa = XCConfigurationList;
			buildConfigurations = (
				2A75ED661A67330C0049EC4D /* Debug */,
				2A75ED671A67330C0049EC4D /* Release */,
			);
			defaultConfigurationIsVisible = 0;
			defaultConfigurationName = Release;
		};
		2A75ED681A67330C0049EC4D /* Build configuration list for PBXNativeTarget "Stopwatch" */ = {
			isa = XCConfigurationList;
			buildConfigurations = (
				2A75ED691A67330C0049EC4D /* Debug */,
				2A75ED6A1A67330C0049EC4D /* Release */,
			);
			defaultConfigurationIsVisible = 0;
		};
		2A75ED6B1A67330C0049EC4D /* Build configuration list for PBXNativeTarget "StopwatchTests" */ = {
			isa = XCConfigurationList;
			buildConfigurations = (
				2A75ED6C1A67330C0049EC4D /* Debug */,
				2A75ED6D1A67330C0049EC4D /* Release */,
			);
			defaultConfigurationIsVisible = 0;
		};
/* End XCConfigurationList section */
	};
	rootObject = 2A75ED411A67330C0049EC4D /* Project object */;
}
